{
  "name": "@optible/kinde-workflow",
  "version": "1.0.0",
  "lockfileVersion": 3,
  "requires": true,
  "packages": {
    "": {
      "name": "@optible/kinde-workflow",
      "version": "1.0.0",
      "license": "MIT",
      "dependencies": {
        "@kinde/infrastructure": "^0.4.0"
      }
    },
    "node_modules/@kinde/infrastructure": {
      "version": "0.4.1",
      "resolved": "https://registry.npmjs.org/@kinde/infrastructure/-/infrastructure-0.4.1.tgz",
      "integrity": "sha512-ceHIImBHoHODKO4zT+0yA1dhyRgFGNGjgLDGMiKp++jQHmTbiVL5InWxMJJkic1SliC2drCSse0XSXvRvsX6wQ=="
    }
  }
}
