{
  "name": "stakesocial-infra",
  "version": "1.0.0",
  "lockfileVersion": 3,
  "requires": true,
  "packages": {
    "": {
      "name": "stakesocial-infra",
      "version": "1.0.0",
      "license": "ISC",
      "dependencies": {
        "@kinde/infrastructure": "^0.4.0"
      }
    },
    "node_modules/@kinde/infrastructure": {
      "version": "0.4.0",
      "resolved": "https://registry.npmjs.org/@kinde/infrastructure/-/infrastructure-0.4.0.tgz",
      "integrity": "sha512-kNZSVpzvrt2KiM9bqLp5UcQQErLtHqQ68/ZzkBqVTjvU8HBW8mwjDC2yZj/wnlGCI4eJN6iWOo1o8bPSb1VKIw=="
    }
  }
}
